
Microsoft Visual Studio Solution File, Format Version 12.00
# Visual Studio Version 17
VisualStudioVersion = 17.7.34024.191
MinimumVisualStudioVersion = 10.0.40219.1
Project("{9A19103F-16F7-4668-BE54-9A1E7A4F7556}") = "Collatz", "Collatz\Collatz.csproj", "{CEA4251D-6AAF-40CD-8F0B-D6192AE2C735}"
EndProject
Project("{FAE04EC0-301F-11D3-BF4B-00C04F79EFBC}") = "Euler", "Euler\Euler.csproj", "{6BFBEA63-1F22-4080-A6DA-1BC1164DFBED}"
EndProject
Project("{FAE04EC0-301F-11D3-BF4B-00C04F79EFBC}") = "Core", "Core\Core.csproj", "{7E492424-C000-4FDF-912C-1876EC236296}"
EndProject
Project("{FAE04EC0-301F-11D3-BF4B-00C04F79EFBC}") = "Test", "Test\Test.csproj", "{E6115D81-D3E9-4B44-9945-4D725409AA19}"
EndProject
Global
	GlobalSection(SolutionConfigurationPlatforms) = preSolution
		Debug|Any CPU = Debug|Any CPU
		Release|Any CPU = Release|Any CPU
	EndGlobalSection
	GlobalSection(ProjectConfigurationPlatforms) = postSolution
		{CEA4251D-6AAF-40CD-8F0B-D6192AE2C735}.Debug|Any CPU.ActiveCfg = Debug|Any CPU
		{CEA4251D-6AAF-40CD-8F0B-D6192AE2C735}.Debug|Any CPU.Build.0 = Debug|Any CPU
		{CEA4251D-6AAF-40CD-8F0B-D6192AE2C735}.Release|Any CPU.ActiveCfg = Release|Any CPU
		{CEA4251D-6AAF-40CD-8F0B-D6192AE2C735}.Release|Any CPU.Build.0 = Release|Any CPU
		{6BFBEA63-1F22-4080-A6DA-1BC1164DFBED}.Debug|Any CPU.ActiveCfg = Debug|Any CPU
		{6BFBEA63-1F22-4080-A6DA-1BC1164DFBED}.Debug|Any CPU.Build.0 = Debug|Any CPU
		{6BFBEA63-1F22-4080-A6DA-1BC1164DFBED}.Release|Any CPU.ActiveCfg = Release|Any CPU
		{6BFBEA63-1F22-4080-A6DA-1BC1164DFBED}.Release|Any CPU.Build.0 = Release|Any CPU
		{7E492424-C000-4FDF-912C-1876EC236296}.Debug|Any CPU.ActiveCfg = Debug|Any CPU
		{7E492424-C000-4FDF-912C-1876EC236296}.Debug|Any CPU.Build.0 = Debug|Any CPU
		{7E492424-C000-4FDF-912C-1876EC236296}.Release|Any CPU.ActiveCfg = Release|Any CPU
		{7E492424-C000-4FDF-912C-1876EC236296}.Release|Any CPU.Build.0 = Release|Any CPU
		{E6115D81-D3E9-4B44-9945-4D725409AA19}.Debug|Any CPU.ActiveCfg = Debug|Any CPU
		{E6115D81-D3E9-4B44-9945-4D725409AA19}.Debug|Any CPU.Build.0 = Debug|Any CPU
		{E6115D81-D3E9-4B44-9945-4D725409AA19}.Release|Any CPU.ActiveCfg = Release|Any CPU
		{E6115D81-D3E9-4B44-9945-4D725409AA19}.Release|Any CPU.Build.0 = Release|Any CPU
	EndGlobalSection
	GlobalSection(SolutionProperties) = preSolution
		HideSolutionNode = FALSE
	EndGlobalSection
	GlobalSection(ExtensibilityGlobals) = postSolution
		SolutionGuid = {EC43E66E-5BB4-4845-B7C7-4D7F8B4EBEB4}
	EndGlobalSection
EndGlobal
